// !$*UTF8*$!
{
	archiveVersion = 1;
	classes = {
	};
	objectVersion = 51;
	objects = {

/* Begin PBXBuildFile section */
		06F5B90FE0B3FEC3846C3A6C /* Pods_mstf.framework in Frameworks */ = {isa = PBXBuildFile; fileRef = 04A9EE1A2DBBD5A9A124EC99 /* Pods_mstf.framework */; };
		2232F87BBBF6D0189D768A7F /* Pods_mstf_mstfUITests.framework in Frameworks */ = {isa = PBXBuildFile; fileRef = 905E3CC73B6EFFD24D9AE532 /* Pods_mstf_mstfUITests.framework */; };
		381732A1700EF265E085EB46 /* Pods_mstfTests.framework in Frameworks */ = {isa = PBXBuildFile; fileRef = DFAE00B961364987886D8D5A /* Pods_mstfTests.framework */; };
		54C30B7625CABBC900F61D37 /* MatchTajiri.storyboard in Resources */ = {isa = PBXBuildFile; fileRef = 54C30B7525CABBC900F61D37 /* MatchTajiri.storyboard */; };
		54C30B7B25CABCE700F61D37 /* MatchTajiriController.swift in Sources */ = {isa = PBXBuildFile; fileRef = 54C30B7A25CABCE700F61D37 /* MatchTajiriController.swift */; };
		54C30B8025CABEA900F61D37 /* MatchKandaController.swift in Sources */ = {isa = PBXBuildFile; fileRef = 54C30B7F25CABEA900F61D37 /* MatchKandaController.swift */; };
		54C30B8525CABEDB00F61D37 /* MatchKanda.storyboard in Resources */ = {isa = PBXBuildFile; fileRef = 54C30B8425CABEDB00F61D37 /* MatchKanda.storyboard */; };
		54DB7C6D25E6608A001330CE /* SeguePresenter.swift in Sources */ = {isa = PBXBuildFile; fileRef = 54DB7C6C25E6608A001330CE /* SeguePresenter.swift */; };
		54DB7C8A25F8D715001330CE /* Game.swift in Sources */ = {isa = PBXBuildFile; fileRef = 54DB7C8925F8D715001330CE /* Game.swift */; };
		54DB7C8F25F8D817001330CE /* TieBreak.swift in Sources */ = {isa = PBXBuildFile; fileRef = 54DB7C8E25F8D817001330CE /* TieBreak.swift */; };
		54E0D5F026398CD5005F647F /* ViewDetailController.swift in Sources */ = {isa = PBXBuildFile; fileRef = 54E0D5EF26398CD5005F647F /* ViewDetailController.swift */; };
		7520138B25F8D5F60027B482 /* GamePoint.swift in Sources */ = {isa = PBXBuildFile; fileRef = 7520138A25F8D5F60027B482 /* GamePoint.swift */; };
		7520139225F8D6EE0027B482 /* Constant.swift in Sources */ = {isa = PBXBuildFile; fileRef = 7520139125F8D6EE0027B482 /* Constant.swift */; };
		7520139A25F8D9B30027B482 /* GamePointForTieBreak.swift in Sources */ = {isa = PBXBuildFile; fileRef = 7520139925F8D9B30027B482 /* GamePointForTieBreak.swift */; };
		753F2E04260B6A22004BF21C /* MatchPresenter.swift in Sources */ = {isa = PBXBuildFile; fileRef = 753F2E03260B6A22004BF21C /* MatchPresenter.swift */; };
		75882E6825EFA38C00BE4DAC /* MatchYamaguchi.storyboard in Resources */ = {isa = PBXBuildFile; fileRef = 75882E6725EFA38C00BE4DAC /* MatchYamaguchi.storyboard */; };
		75882E6D25EFA3CC00BE4DAC /* MatchYamaguchiController.swift in Sources */ = {isa = PBXBuildFile; fileRef = 75882E6C25EFA3CC00BE4DAC /* MatchYamaguchiController.swift */; };
		75A6CDC7267A2D31004A464E /* GoogleService-Info.plist in Resources */ = {isa = PBXBuildFile; fileRef = 75A6CDC6267A2D31004A464E /* GoogleService-Info.plist */; };
		AE510590265E8B2D00E1CDCE /* MatchScreenOperationsParentPresenter.swift in Sources */ = {isa = PBXBuildFile; fileRef = AE51058F265E8B2D00E1CDCE /* MatchScreenOperationsParentPresenter.swift */; };
		AE5105922667619C00E1CDCE /* VerticalMatchScreenOperationsPresenter.swift in Sources */ = {isa = PBXBuildFile; fileRef = AE5105912667619C00E1CDCE /* VerticalMatchScreenOperationsPresenter.swift */; };
		AE66A7C025B83C11002891F4 /* AppDelegate.swift in Sources */ = {isa = PBXBuildFile; fileRef = AE66A7BF25B83C11002891F4 /* AppDelegate.swift */; };
		AE66A7C225B83C11002891F4 /* SceneDelegate.swift in Sources */ = {isa = PBXBuildFile; fileRef = AE66A7C125B83C11002891F4 /* SceneDelegate.swift */; };
		AE66A7C425B83C11002891F4 /* ViewController.swift in Sources */ = {isa = PBXBuildFile; fileRef = AE66A7C325B83C11002891F4 /* ViewController.swift */; };
		AE66A7C725B83C11002891F4 /* Main.storyboard in Resources */ = {isa = PBXBuildFile; fileRef = AE66A7C525B83C11002891F4 /* Main.storyboard */; };
		AE66A7C925B83C12002891F4 /* Assets.xcassets in Resources */ = {isa = PBXBuildFile; fileRef = AE66A7C825B83C12002891F4 /* Assets.xcassets */; };
		AE66A7CC25B83C12002891F4 /* LaunchScreen.storyboard in Resources */ = {isa = PBXBuildFile; fileRef = AE66A7CA25B83C12002891F4 /* LaunchScreen.storyboard */; };
		AE66A7D725B83C12002891F4 /* mstfTests.swift in Sources */ = {isa = PBXBuildFile; fileRef = AE66A7D625B83C12002891F4 /* mstfTests.swift */; };
		AE66A7E225B83C12002891F4 /* mstfUITests.swift in Sources */ = {isa = PBXBuildFile; fileRef = AE66A7E125B83C12002891F4 /* mstfUITests.swift */; };
		AE66A7F325B84490002891F4 /* MatchParentController.swift in Sources */ = {isa = PBXBuildFile; fileRef = AE66A7F225B84490002891F4 /* MatchParentController.swift */; };
		AE92C41B26C3FAE20009E3E7 /* PointParent.swift in Sources */ = {isa = PBXBuildFile; fileRef = AE92C41A26C3FAE20009E3E7 /* PointParent.swift */; };
		AE92C41D26C3FD230009E3E7 /* GameParent.swift in Sources */ = {isa = PBXBuildFile; fileRef = AE92C41C26C3FD230009E3E7 /* GameParent.swift */; };
		AEA3D20325F8CE7200E00931 /* CurrentGame.swift in Sources */ = {isa = PBXBuildFile; fileRef = AEA3D20225F8CE7200E00931 /* CurrentGame.swift */; };
		AEA3D20B25F8D23000E00931 /* Score.swift in Sources */ = {isa = PBXBuildFile; fileRef = AEA3D20A25F8D23000E00931 /* Score.swift */; };
		AEA3D21025F8D23E00E00931 /* Team.swift in Sources */ = {isa = PBXBuildFile; fileRef = AEA3D20F25F8D23E00E00931 /* Team.swift */; };
		AEA3D24E25F8E9CC00E00931 /* CoinFlippingResult.swift in Sources */ = {isa = PBXBuildFile; fileRef = AEA3D24B25F8E9CC00E00931 /* CoinFlippingResult.swift */; };
		AEA3D24F25F8E9CC00E00931 /* CoinFlippingSelect.swift in Sources */ = {isa = PBXBuildFile; fileRef = AEA3D24C25F8E9CC00E00931 /* CoinFlippingSelect.swift */; };
		AEA3D25025F8E9CC00E00931 /* CoinFlipping.swift in Sources */ = {isa = PBXBuildFile; fileRef = AEA3D24D25F8E9CC00E00931 /* CoinFlipping.swift */; };
		AEA3D25525F8E9E100E00931 /* MatchInterface.swift in Sources */ = {isa = PBXBuildFile; fileRef = AEA3D25425F8E9E100E00931 /* MatchInterface.swift */; };
		AEA3D25A25F8E9F800E00931 /* Set.swift in Sources */ = {isa = PBXBuildFile; fileRef = AEA3D25925F8E9F800E00931 /* Set.swift */; };
		AEEC03A626F231EE0033920E /* User.swift in Sources */ = {isa = PBXBuildFile; fileRef = AEEC03A526F231EE0033920E /* User.swift */; };
/* End PBXBuildFile section */

/* Begin PBXContainerItemProxy section */
		AE66A7D325B83C12002891F4 /* PBXContainerItemProxy */ = {
			isa = PBXContainerItemProxy;
			containerPortal = AE66A7B425B83C11002891F4 /* Project object */;
			proxyType = 1;
			remoteGlobalIDString = AE66A7BB25B83C11002891F4;
			remoteInfo = mstf;
		};
		AE66A7DE25B83C12002891F4 /* PBXContainerItemProxy */ = {
			isa = PBXContainerItemProxy;
			containerPortal = AE66A7B425B83C11002891F4 /* Project object */;
			proxyType = 1;
			remoteGlobalIDString = AE66A7BB25B83C11002891F4;
			remoteInfo = mstf;
		};
/* End PBXContainerItemProxy section */

/* Begin PBXFileReference section */
		04A9EE1A2DBBD5A9A124EC99 /* Pods_mstf.framework */ = {isa = PBXFileReference; explicitFileType = wrapper.framework; includeInIndex = 0; path = Pods_mstf.framework; sourceTree = BUILT_PRODUCTS_DIR; };
		2AD7B3EF11699A1D2C73E1FF /* Pods-mstfTests.debug.xcconfig */ = {isa = PBXFileReference; includeInIndex = 1; lastKnownFileType = text.xcconfig; name = "Pods-mstfTests.debug.xcconfig"; path = "Target Support Files/Pods-mstfTests/Pods-mstfTests.debug.xcconfig"; sourceTree = "<group>"; };
		347A29B5AE1D361CC7F21D58 /* Pods-mstf-mstfUITests.debug.xcconfig */ = {isa = PBXFileReference; includeInIndex = 1; lastKnownFileType = text.xcconfig; name = "Pods-mstf-mstfUITests.debug.xcconfig"; path = "Target Support Files/Pods-mstf-mstfUITests/Pods-mstf-mstfUITests.debug.xcconfig"; sourceTree = "<group>"; };
		54C30B7525CABBC900F61D37 /* MatchTajiri.storyboard */ = {isa = PBXFileReference; lastKnownFileType = file.storyboard; path = MatchTajiri.storyboard; sourceTree = "<group>"; };
		54C30B7A25CABCE700F61D37 /* MatchTajiriController.swift */ = {isa = PBXFileReference; lastKnownFileType = sourcecode.swift; path = MatchTajiriController.swift; sourceTree = "<group>"; };
		54C30B7F25CABEA900F61D37 /* MatchKandaController.swift */ = {isa = PBXFileReference; lastKnownFileType = sourcecode.swift; path = MatchKandaController.swift; sourceTree = "<group>"; };
		54C30B8425CABEDB00F61D37 /* MatchKanda.storyboard */ = {isa = PBXFileReference; lastKnownFileType = file.storyboard; path = MatchKanda.storyboard; sourceTree = "<group>"; };
		54DB7C6C25E6608A001330CE /* SeguePresenter.swift */ = {isa = PBXFileReference; lastKnownFileType = sourcecode.swift; path = SeguePresenter.swift; sourceTree = "<group>"; };
		54DB7C8925F8D715001330CE /* Game.swift */ = {isa = PBXFileReference; lastKnownFileType = sourcecode.swift; path = Game.swift; sourceTree = "<group>"; };
		54DB7C8E25F8D817001330CE /* TieBreak.swift */ = {isa = PBXFileReference; lastKnownFileType = sourcecode.swift; path = TieBreak.swift; sourceTree = "<group>"; };
		54E0D5EF26398CD5005F647F /* ViewDetailController.swift */ = {isa = PBXFileReference; lastKnownFileType = sourcecode.swift; path = ViewDetailController.swift; sourceTree = "<group>"; };
		7520138A25F8D5F60027B482 /* GamePoint.swift */ = {isa = PBXFileReference; lastKnownFileType = sourcecode.swift; path = GamePoint.swift; sourceTree = "<group>"; };
		7520139125F8D6EE0027B482 /* Constant.swift */ = {isa = PBXFileReference; lastKnownFileType = sourcecode.swift; path = Constant.swift; sourceTree = "<group>"; };
		7520139925F8D9B30027B482 /* GamePointForTieBreak.swift */ = {isa = PBXFileReference; lastKnownFileType = sourcecode.swift; path = GamePointForTieBreak.swift; sourceTree = "<group>"; };
		753F2E03260B6A22004BF21C /* MatchPresenter.swift */ = {isa = PBXFileReference; lastKnownFileType = sourcecode.swift; path = MatchPresenter.swift; sourceTree = "<group>"; };
		75882E6725EFA38C00BE4DAC /* MatchYamaguchi.storyboard */ = {isa = PBXFileReference; lastKnownFileType = file.storyboard; path = MatchYamaguchi.storyboard; sourceTree = "<group>"; };
		75882E6C25EFA3CC00BE4DAC /* MatchYamaguchiController.swift */ = {isa = PBXFileReference; lastKnownFileType = sourcecode.swift; path = MatchYamaguchiController.swift; sourceTree = "<group>"; };
		75A6CDC6267A2D31004A464E /* GoogleService-Info.plist */ = {isa = PBXFileReference; fileEncoding = 4; lastKnownFileType = text.plist.xml; path = "GoogleService-Info.plist"; sourceTree = "<group>"; };
		905E3CC73B6EFFD24D9AE532 /* Pods_mstf_mstfUITests.framework */ = {isa = PBXFileReference; explicitFileType = wrapper.framework; includeInIndex = 0; path = Pods_mstf_mstfUITests.framework; sourceTree = BUILT_PRODUCTS_DIR; };
		A5109AE4AAE1733B5C5E6473 /* Pods-mstfTests.release.xcconfig */ = {isa = PBXFileReference; includeInIndex = 1; lastKnownFileType = text.xcconfig; name = "Pods-mstfTests.release.xcconfig"; path = "Target Support Files/Pods-mstfTests/Pods-mstfTests.release.xcconfig"; sourceTree = "<group>"; };
		AE51058F265E8B2D00E1CDCE /* MatchScreenOperationsParentPresenter.swift */ = {isa = PBXFileReference; lastKnownFileType = sourcecode.swift; path = MatchScreenOperationsParentPresenter.swift; sourceTree = "<group>"; };
		AE5105912667619C00E1CDCE /* VerticalMatchScreenOperationsPresenter.swift */ = {isa = PBXFileReference; lastKnownFileType = sourcecode.swift; path = VerticalMatchScreenOperationsPresenter.swift; sourceTree = "<group>"; };
		AE66A7BC25B83C11002891F4 /* mstf.app */ = {isa = PBXFileReference; explicitFileType = wrapper.application; includeInIndex = 0; path = mstf.app; sourceTree = BUILT_PRODUCTS_DIR; };
		AE66A7BF25B83C11002891F4 /* AppDelegate.swift */ = {isa = PBXFileReference; lastKnownFileType = sourcecode.swift; path = AppDelegate.swift; sourceTree = "<group>"; };
		AE66A7C125B83C11002891F4 /* SceneDelegate.swift */ = {isa = PBXFileReference; lastKnownFileType = sourcecode.swift; path = SceneDelegate.swift; sourceTree = "<group>"; };
		AE66A7C325B83C11002891F4 /* ViewController.swift */ = {isa = PBXFileReference; lastKnownFileType = sourcecode.swift; path = ViewController.swift; sourceTree = "<group>"; };
		AE66A7C625B83C11002891F4 /* Base */ = {isa = PBXFileReference; lastKnownFileType = file.storyboard; name = Base; path = Base.lproj/Main.storyboard; sourceTree = "<group>"; };
		AE66A7C825B83C12002891F4 /* Assets.xcassets */ = {isa = PBXFileReference; lastKnownFileType = folder.assetcatalog; path = Assets.xcassets; sourceTree = "<group>"; };
		AE66A7CB25B83C12002891F4 /* Base */ = {isa = PBXFileReference; lastKnownFileType = file.storyboard; name = Base; path = Base.lproj/LaunchScreen.storyboard; sourceTree = "<group>"; };
		AE66A7CD25B83C12002891F4 /* Info.plist */ = {isa = PBXFileReference; lastKnownFileType = text.plist.xml; path = Info.plist; sourceTree = "<group>"; };
		AE66A7D225B83C12002891F4 /* mstfTests.xctest */ = {isa = PBXFileReference; explicitFileType = wrapper.cfbundle; includeInIndex = 0; path = mstfTests.xctest; sourceTree = BUILT_PRODUCTS_DIR; };
		AE66A7D625B83C12002891F4 /* mstfTests.swift */ = {isa = PBXFileReference; lastKnownFileType = sourcecode.swift; path = mstfTests.swift; sourceTree = "<group>"; };
		AE66A7D825B83C12002891F4 /* Info.plist */ = {isa = PBXFileReference; lastKnownFileType = text.plist.xml; path = Info.plist; sourceTree = "<group>"; };
		AE66A7DD25B83C12002891F4 /* mstfUITests.xctest */ = {isa = PBXFileReference; explicitFileType = wrapper.cfbundle; includeInIndex = 0; path = mstfUITests.xctest; sourceTree = BUILT_PRODUCTS_DIR; };
		AE66A7E125B83C12002891F4 /* mstfUITests.swift */ = {isa = PBXFileReference; lastKnownFileType = sourcecode.swift; path = mstfUITests.swift; sourceTree = "<group>"; };
		AE66A7E325B83C12002891F4 /* Info.plist */ = {isa = PBXFileReference; lastKnownFileType = text.plist.xml; path = Info.plist; sourceTree = "<group>"; };
		AE66A7F225B84490002891F4 /* MatchParentController.swift */ = {isa = PBXFileReference; lastKnownFileType = sourcecode.swift; path = MatchParentController.swift; sourceTree = "<group>"; };
		AE92C41A26C3FAE20009E3E7 /* PointParent.swift */ = {isa = PBXFileReference; lastKnownFileType = sourcecode.swift; path = PointParent.swift; sourceTree = "<group>"; };
		AE92C41C26C3FD230009E3E7 /* GameParent.swift */ = {isa = PBXFileReference; lastKnownFileType = sourcecode.swift; path = GameParent.swift; sourceTree = "<group>"; };
		AEA3D20225F8CE7200E00931 /* CurrentGame.swift */ = {isa = PBXFileReference; lastKnownFileType = sourcecode.swift; path = CurrentGame.swift; sourceTree = "<group>"; };
		AEA3D20A25F8D23000E00931 /* Score.swift */ = {isa = PBXFileReference; lastKnownFileType = sourcecode.swift; path = Score.swift; sourceTree = "<group>"; };
		AEA3D20F25F8D23E00E00931 /* Team.swift */ = {isa = PBXFileReference; lastKnownFileType = sourcecode.swift; path = Team.swift; sourceTree = "<group>"; };
		AEA3D24B25F8E9CC00E00931 /* CoinFlippingResult.swift */ = {isa = PBXFileReference; fileEncoding = 4; lastKnownFileType = sourcecode.swift; path = CoinFlippingResult.swift; sourceTree = "<group>"; };
		AEA3D24C25F8E9CC00E00931 /* CoinFlippingSelect.swift */ = {isa = PBXFileReference; fileEncoding = 4; lastKnownFileType = sourcecode.swift; path = CoinFlippingSelect.swift; sourceTree = "<group>"; };
		AEA3D24D25F8E9CC00E00931 /* CoinFlipping.swift */ = {isa = PBXFileReference; fileEncoding = 4; lastKnownFileType = sourcecode.swift; path = CoinFlipping.swift; sourceTree = "<group>"; };
		AEA3D25425F8E9E100E00931 /* MatchInterface.swift */ = {isa = PBXFileReference; fileEncoding = 4; lastKnownFileType = sourcecode.swift; path = MatchInterface.swift; sourceTree = "<group>"; };
		AEA3D25925F8E9F800E00931 /* Set.swift */ = {isa = PBXFileReference; fileEncoding = 4; lastKnownFileType = sourcecode.swift; path = Set.swift; sourceTree = "<group>"; };
		AEEC03A526F231EE0033920E /* User.swift */ = {isa = PBXFileReference; lastKnownFileType = sourcecode.swift; path = User.swift; sourceTree = "<group>"; };
		C9FDE8F2E65BB6785710152C /* Pods-mstf-mstfUITests.release.xcconfig */ = {isa = PBXFileReference; includeInIndex = 1; lastKnownFileType = text.xcconfig; name = "Pods-mstf-mstfUITests.release.xcconfig"; path = "Target Support Files/Pods-mstf-mstfUITests/Pods-mstf-mstfUITests.release.xcconfig"; sourceTree = "<group>"; };
		DCE65A1CED4E1ECF217B67C1 /* Pods-mstf.debug.xcconfig */ = {isa = PBXFileReference; includeInIndex = 1; lastKnownFileType = text.xcconfig; name = "Pods-mstf.debug.xcconfig"; path = "Target Support Files/Pods-mstf/Pods-mstf.debug.xcconfig"; sourceTree = "<group>"; };
		DFAE00B961364987886D8D5A /* Pods_mstfTests.framework */ = {isa = PBXFileReference; explicitFileType = wrapper.framework; includeInIndex = 0; path = Pods_mstfTests.framework; sourceTree = BUILT_PRODUCTS_DIR; };
		FC455A566CC349349B270BC5 /* Pods-mstf.release.xcconfig */ = {isa = PBXFileReference; includeInIndex = 1; lastKnownFileType = text.xcconfig; name = "Pods-mstf.release.xcconfig"; path = "Target Support Files/Pods-mstf/Pods-mstf.release.xcconfig"; sourceTree = "<group>"; };
/* End PBXFileReference section */

/* Begin PBXFrameworksBuildPhase section */
		AE66A7B925B83C11002891F4 /* Frameworks */ = {
			isa = PBXFrameworksBuildPhase;
			buildActionMask = 2147483647;
			files = (
				06F5B90FE0B3FEC3846C3A6C /* Pods_mstf.framework in Frameworks */,
			);
			runOnlyForDeploymentPostprocessing = 0;
		};
		AE66A7CF25B83C12002891F4 /* Frameworks */ = {
			isa = PBXFrameworksBuildPhase;
			buildActionMask = 2147483647;
			files = (
				381732A1700EF265E085EB46 /* Pods_mstfTests.framework in Frameworks */,
			);
			runOnlyForDeploymentPostprocessing = 0;
		};
		AE66A7DA25B83C12002891F4 /* Frameworks */ = {
			isa = PBXFrameworksBuildPhase;
			buildActionMask = 2147483647;
			files = (
				2232F87BBBF6D0189D768A7F /* Pods_mstf_mstfUITests.framework in Frameworks */,
			);
			runOnlyForDeploymentPostprocessing = 0;
		};
/* End PBXFrameworksBuildPhase section */

/* Begin PBXGroup section */
		03C2536D8B1FC465F5130564 /* Pods */ = {
			isa = PBXGroup;
			children = (
				DCE65A1CED4E1ECF217B67C1 /* Pods-mstf.debug.xcconfig */,
				FC455A566CC349349B270BC5 /* Pods-mstf.release.xcconfig */,
				347A29B5AE1D361CC7F21D58 /* Pods-mstf-mstfUITests.debug.xcconfig */,
				C9FDE8F2E65BB6785710152C /* Pods-mstf-mstfUITests.release.xcconfig */,
				2AD7B3EF11699A1D2C73E1FF /* Pods-mstfTests.debug.xcconfig */,
				A5109AE4AAE1733B5C5E6473 /* Pods-mstfTests.release.xcconfig */,
			);
			path = Pods;
			sourceTree = "<group>";
		};
		4CC89A5279E534B8579C11FC /* Frameworks */ = {
			isa = PBXGroup;
			children = (
				04A9EE1A2DBBD5A9A124EC99 /* Pods_mstf.framework */,
				905E3CC73B6EFFD24D9AE532 /* Pods_mstf_mstfUITests.framework */,
				DFAE00B961364987886D8D5A /* Pods_mstfTests.framework */,
			);
			name = Frameworks;
			sourceTree = "<group>";
		};
		54DB7C6B25E6600D001330CE /* Presenter */ = {
			isa = PBXGroup;
			children = (
				54DB7C6C25E6608A001330CE /* SeguePresenter.swift */,
				753F2E03260B6A22004BF21C /* MatchPresenter.swift */,
				AE51058F265E8B2D00E1CDCE /* MatchScreenOperationsParentPresenter.swift */,
				AE5105912667619C00E1CDCE /* VerticalMatchScreenOperationsPresenter.swift */,
			);
			name = Presenter;
			sourceTree = "<group>";
		};
		7520139025F8D6D00027B482 /* Util */ = {
			isa = PBXGroup;
			children = (
				7520139125F8D6EE0027B482 /* Constant.swift */,
			);
			path = Util;
			sourceTree = "<group>";
		};
		AE66A7B325B83C11002891F4 = {
			isa = PBXGroup;
			children = (
				AE66A7BE25B83C11002891F4 /* mstf */,
				AE66A7D525B83C12002891F4 /* mstfTests */,
				AE66A7E025B83C12002891F4 /* mstfUITests */,
				AE66A7BD25B83C11002891F4 /* Products */,
				03C2536D8B1FC465F5130564 /* Pods */,
				4CC89A5279E534B8579C11FC /* Frameworks */,
			);
			sourceTree = "<group>";
		};
		AE66A7BD25B83C11002891F4 /* Products */ = {
			isa = PBXGroup;
			children = (
				AE66A7BC25B83C11002891F4 /* mstf.app */,
				AE66A7D225B83C12002891F4 /* mstfTests.xctest */,
				AE66A7DD25B83C12002891F4 /* mstfUITests.xctest */,
			);
			name = Products;
			sourceTree = "<group>";
		};
		AE66A7BE25B83C11002891F4 /* mstf */ = {
			isa = PBXGroup;
			children = (
				AEEC03A426F231C50033920E /* db */,
				75A6CDC6267A2D31004A464E /* GoogleService-Info.plist */,
				7520139025F8D6D00027B482 /* Util */,
				AEA3D20125F8CD9D00E00931 /* Domain */,
				54DB7C6B25E6600D001330CE /* Presenter */,
				AE66A7BF25B83C11002891F4 /* AppDelegate.swift */,
				AE66A7C125B83C11002891F4 /* SceneDelegate.swift */,
				AE66A7F725B844A6002891F4 /* Controller */,
				AE66A7C525B83C11002891F4 /* Main.storyboard */,
				54C30B8425CABEDB00F61D37 /* MatchKanda.storyboard */,
				54C30B7525CABBC900F61D37 /* MatchTajiri.storyboard */,
				AE66A7C825B83C12002891F4 /* Assets.xcassets */,
				AE66A7CA25B83C12002891F4 /* LaunchScreen.storyboard */,
				AE66A7CD25B83C12002891F4 /* Info.plist */,
				75882E6725EFA38C00BE4DAC /* MatchYamaguchi.storyboard */,
			);
			path = mstf;
			sourceTree = "<group>";
		};
		AE66A7D525B83C12002891F4 /* mstfTests */ = {
			isa = PBXGroup;
			children = (
				AE66A7D625B83C12002891F4 /* mstfTests.swift */,
				AE66A7D825B83C12002891F4 /* Info.plist */,
			);
			path = mstfTests;
			sourceTree = "<group>";
		};
		AE66A7E025B83C12002891F4 /* mstfUITests */ = {
			isa = PBXGroup;
			children = (
				AE66A7E125B83C12002891F4 /* mstfUITests.swift */,
				AE66A7E325B83C12002891F4 /* Info.plist */,
			);
			path = mstfUITests;
			sourceTree = "<group>";
		};
		AE66A7F725B844A6002891F4 /* Controller */ = {
			isa = PBXGroup;
			children = (
				AE66A7F225B84490002891F4 /* MatchParentController.swift */,
				54E0D5EF26398CD5005F647F /* ViewDetailController.swift */,
				AE66A7C325B83C11002891F4 /* ViewController.swift */,
				54C30B7A25CABCE700F61D37 /* MatchTajiriController.swift */,
				54C30B7F25CABEA900F61D37 /* MatchKandaController.swift */,
				75882E6C25EFA3CC00BE4DAC /* MatchYamaguchiController.swift */,
			);
			name = Controller;
			sourceTree = "<group>";
		};
		AEA3D20125F8CD9D00E00931 /* Domain */ = {
			isa = PBXGroup;
			children = (
				AEA3D25925F8E9F800E00931 /* Set.swift */,
				AEA3D25425F8E9E100E00931 /* MatchInterface.swift */,
				AEA3D24D25F8E9CC00E00931 /* CoinFlipping.swift */,
				AEA3D24B25F8E9CC00E00931 /* CoinFlippingResult.swift */,
				AEA3D24C25F8E9CC00E00931 /* CoinFlippingSelect.swift */,
				AEA3D20225F8CE7200E00931 /* CurrentGame.swift */,
				AEA3D20A25F8D23000E00931 /* Score.swift */,
				AEA3D20F25F8D23E00E00931 /* Team.swift */,
				7520138A25F8D5F60027B482 /* GamePoint.swift */,
				7520139925F8D9B30027B482 /* GamePointForTieBreak.swift */,
				AE92C41A26C3FAE20009E3E7 /* PointParent.swift */,
				54DB7C8925F8D715001330CE /* Game.swift */,
				AE92C41C26C3FD230009E3E7 /* GameParent.swift */,
				54DB7C8E25F8D817001330CE /* TieBreak.swift */,
			);
			name = Domain;
			sourceTree = "<group>";
		};
		AEEC03A426F231C50033920E /* db */ = {
			isa = PBXGroup;
			children = (
				AEEC03A526F231EE0033920E /* User.swift */,
			);
			path = db;
			sourceTree = "<group>";
		};
/* End PBXGroup section */

/* Begin PBXNativeTarget section */
		AE66A7BB25B83C11002891F4 /* mstf */ = {
			isa = PBXNativeTarget;
			buildConfigurationList = AE66A7E625B83C12002891F4 /* Build configuration list for PBXNativeTarget "mstf" */;
			buildPhases = (
				2B3E2DCB81BF00A9960E1B4B /* [CP] Check Pods Manifest.lock */,
				AE66A7B825B83C11002891F4 /* Sources */,
				AE66A7B925B83C11002891F4 /* Frameworks */,
				AE66A7BA25B83C11002891F4 /* Resources */,
				54A78B292670FA1F00768879 /* ShellScript */,
				80D5FE38FB3B361AACA6968C /* [CP] Embed Pods Frameworks */,
			);
			buildRules = (
			);
			dependencies = (
			);
			name = mstf;
			productName = mstf;
			productReference = AE66A7BC25B83C11002891F4 /* mstf.app */;
			productType = "com.apple.product-type.application";
		};
		AE66A7D125B83C12002891F4 /* mstfTests */ = {
			isa = PBXNativeTarget;
			buildConfigurationList = AE66A7E925B83C12002891F4 /* Build configuration list for PBXNativeTarget "mstfTests" */;
			buildPhases = (
				952D9546CF36FCF7F1DB1629 /* [CP] Check Pods Manifest.lock */,
				AE66A7CE25B83C12002891F4 /* Sources */,
				AE66A7CF25B83C12002891F4 /* Frameworks */,
				AE66A7D025B83C12002891F4 /* Resources */,
			);
			buildRules = (
			);
			dependencies = (
				AE66A7D425B83C12002891F4 /* PBXTargetDependency */,
			);
			name = mstfTests;
			productName = mstfTests;
			productReference = AE66A7D225B83C12002891F4 /* mstfTests.xctest */;
			productType = "com.apple.product-type.bundle.unit-test";
		};
		AE66A7DC25B83C12002891F4 /* mstfUITests */ = {
			isa = PBXNativeTarget;
			buildConfigurationList = AE66A7EC25B83C12002891F4 /* Build configuration list for PBXNativeTarget "mstfUITests" */;
			buildPhases = (
				502124E6C584CB3AC3EA7F0B /* [CP] Check Pods Manifest.lock */,
				AE66A7D925B83C12002891F4 /* Sources */,
				AE66A7DA25B83C12002891F4 /* Frameworks */,
				AE66A7DB25B83C12002891F4 /* Resources */,
				2FF53E7ACECE0004E5EFAFA7 /* [CP] Embed Pods Frameworks */,
			);
			buildRules = (
			);
			dependencies = (
				AE66A7DF25B83C12002891F4 /* PBXTargetDependency */,
			);
			name = mstfUITests;
			productName = mstfUITests;
			productReference = AE66A7DD25B83C12002891F4 /* mstfUITests.xctest */;
			productType = "com.apple.product-type.bundle.ui-testing";
		};
/* End PBXNativeTarget section */

/* Begin PBXProject section */
		AE66A7B425B83C11002891F4 /* Project object */ = {
			isa = PBXProject;
			attributes = {
				LastSwiftUpdateCheck = 1230;
				LastUpgradeCheck = 1230;
				TargetAttributes = {
					AE66A7BB25B83C11002891F4 = {
						CreatedOnToolsVersion = 12.3;
					};
					AE66A7D125B83C12002891F4 = {
						CreatedOnToolsVersion = 12.3;
						TestTargetID = AE66A7BB25B83C11002891F4;
					};
					AE66A7DC25B83C12002891F4 = {
						CreatedOnToolsVersion = 12.3;
						TestTargetID = AE66A7BB25B83C11002891F4;
					};
				};
			};
			buildConfigurationList = AE66A7B725B83C11002891F4 /* Build configuration list for PBXProject "mstf" */;
			compatibilityVersion = "Xcode 9.3";
			developmentRegion = en;
			hasScannedForEncodings = 0;
			knownRegions = (
				en,
				Base,
			);
			mainGroup = AE66A7B325B83C11002891F4;
			productRefGroup = AE66A7BD25B83C11002891F4 /* Products */;
			projectDirPath = "";
			projectRoot = "";
			targets = (
				AE66A7BB25B83C11002891F4 /* mstf */,
				AE66A7D125B83C12002891F4 /* mstfTests */,
				AE66A7DC25B83C12002891F4 /* mstfUITests */,
			);
		};
/* End PBXProject section */

/* Begin PBXResourcesBuildPhase section */
		AE66A7BA25B83C11002891F4 /* Resources */ = {
			isa = PBXResourcesBuildPhase;
			buildActionMask = 2147483647;
			files = (
				54C30B8525CABEDB00F61D37 /* MatchKanda.storyboard in Resources */,
				AE66A7CC25B83C12002891F4 /* LaunchScreen.storyboard in Resources */,
				54C30B7625CABBC900F61D37 /* MatchTajiri.storyboard in Resources */,
				75882E6825EFA38C00BE4DAC /* MatchYamaguchi.storyboard in Resources */,
				AE66A7C925B83C12002891F4 /* Assets.xcassets in Resources */,
				AE66A7C725B83C11002891F4 /* Main.storyboard in Resources */,
				75A6CDC7267A2D31004A464E /* GoogleService-Info.plist in Resources */,
			);
			runOnlyForDeploymentPostprocessing = 0;
		};
		AE66A7D025B83C12002891F4 /* Resources */ = {
			isa = PBXResourcesBuildPhase;
			buildActionMask = 2147483647;
			files = (
			);
			runOnlyForDeploymentPostprocessing = 0;
		};
		AE66A7DB25B83C12002891F4 /* Resources */ = {
			isa = PBXResourcesBuildPhase;
			buildActionMask = 2147483647;
			files = (
			);
			runOnlyForDeploymentPostprocessing = 0;
		};
/* End PBXResourcesBuildPhase section */

/* Begin PBXShellScriptBuildPhase section */
		2B3E2DCB81BF00A9960E1B4B /* [CP] Check Pods Manifest.lock */ = {
			isa = PBXShellScriptBuildPhase;
			buildActionMask = 2147483647;
			files = (
			);
			inputFileListPaths = (
			);
			inputPaths = (
				"${PODS_PODFILE_DIR_PATH}/Podfile.lock",
				"${PODS_ROOT}/Manifest.lock",
			);
			name = "[CP] Check Pods Manifest.lock";
			outputFileListPaths = (
			);
			outputPaths = (
				"$(DERIVED_FILE_DIR)/Pods-mstf-checkManifestLockResult.txt",
			);
			runOnlyForDeploymentPostprocessing = 0;
			shellPath = /bin/sh;
			shellScript = "diff \"${PODS_PODFILE_DIR_PATH}/Podfile.lock\" \"${PODS_ROOT}/Manifest.lock\" > /dev/null\nif [ $? != 0 ] ; then\n    # print error to STDERR\n    echo \"error: The sandbox is not in sync with the Podfile.lock. Run 'pod install' or update your CocoaPods installation.\" >&2\n    exit 1\nfi\n# This output is used by Xcode 'outputs' to avoid re-running this script phase.\necho \"SUCCESS\" > \"${SCRIPT_OUTPUT_FILE_0}\"\n";
			showEnvVarsInLog = 0;
		};
		2FF53E7ACECE0004E5EFAFA7 /* [CP] Embed Pods Frameworks */ = {
			isa = PBXShellScriptBuildPhase;
			buildActionMask = 2147483647;
			files = (
			);
			inputFileListPaths = (
				"${PODS_ROOT}/Target Support Files/Pods-mstf-mstfUITests/Pods-mstf-mstfUITests-frameworks-${CONFIGURATION}-input-files.xcfilelist",
			);
			name = "[CP] Embed Pods Frameworks";
			outputFileListPaths = (
				"${PODS_ROOT}/Target Support Files/Pods-mstf-mstfUITests/Pods-mstf-mstfUITests-frameworks-${CONFIGURATION}-output-files.xcfilelist",
			);
			runOnlyForDeploymentPostprocessing = 0;
			shellPath = /bin/sh;
			shellScript = "\"${PODS_ROOT}/Target Support Files/Pods-mstf-mstfUITests/Pods-mstf-mstfUITests-frameworks.sh\"\n";
			showEnvVarsInLog = 0;
		};
		502124E6C584CB3AC3EA7F0B /* [CP] Check Pods Manifest.lock */ = {
			isa = PBXShellScriptBuildPhase;
			buildActionMask = 2147483647;
			files = (
			);
			inputFileListPaths = (
			);
			inputPaths = (
				"${PODS_PODFILE_DIR_PATH}/Podfile.lock",
				"${PODS_ROOT}/Manifest.lock",
			);
			name = "[CP] Check Pods Manifest.lock";
			outputFileListPaths = (
			);
			outputPaths = (
				"$(DERIVED_FILE_DIR)/Pods-mstf-mstfUITests-checkManifestLockResult.txt",
			);
			runOnlyForDeploymentPostprocessing = 0;
			shellPath = /bin/sh;
			shellScript = "diff \"${PODS_PODFILE_DIR_PATH}/Podfile.lock\" \"${PODS_ROOT}/Manifest.lock\" > /dev/null\nif [ $? != 0 ] ; then\n    # print error to STDERR\n    echo \"error: The sandbox is not in sync with the Podfile.lock. Run 'pod install' or update your CocoaPods installation.\" >&2\n    exit 1\nfi\n# This output is used by Xcode 'outputs' to avoid re-running this script phase.\necho \"SUCCESS\" > \"${SCRIPT_OUTPUT_FILE_0}\"\n";
			showEnvVarsInLog = 0;
		};
		54A78B292670FA1F00768879 /* ShellScript */ = {
			isa = PBXShellScriptBuildPhase;
			buildActionMask = 2147483647;
			files = (
			);
			inputFileListPaths = (
			);
			inputPaths = (
				"${DWARF_DSYM_FOLDER_PATH}/${DWARF_DSYM_FILE_NAME}/Contents/Resources/DWARF/${TARGET_NAME}",
				"$(SRCROOT)/$(BUILT_PRODUCTS_DIR)/$(INFOPLIST_PATH)",
			);
			outputFileListPaths = (
			);
			outputPaths = (
			);
			runOnlyForDeploymentPostprocessing = 0;
			shellPath = /bin/sh;
			shellScript = "# Type a script or drag a script file from your workspace to insert its path.\n${PODS_ROOT}/FirebaseCrashlytics/run\n";
		};
		80D5FE38FB3B361AACA6968C /* [CP] Embed Pods Frameworks */ = {
			isa = PBXShellScriptBuildPhase;
			buildActionMask = 2147483647;
			files = (
			);
			inputFileListPaths = (
				"${PODS_ROOT}/Target Support Files/Pods-mstf/Pods-mstf-frameworks-${CONFIGURATION}-input-files.xcfilelist",
			);
			name = "[CP] Embed Pods Frameworks";
			outputFileListPaths = (
				"${PODS_ROOT}/Target Support Files/Pods-mstf/Pods-mstf-frameworks-${CONFIGURATION}-output-files.xcfilelist",
			);
			runOnlyForDeploymentPostprocessing = 0;
			shellPath = /bin/sh;
			shellScript = "\"${PODS_ROOT}/Target Support Files/Pods-mstf/Pods-mstf-frameworks.sh\"\n";
			showEnvVarsInLog = 0;
		};
		952D9546CF36FCF7F1DB1629 /* [CP] Check Pods Manifest.lock */ = {
			isa = PBXShellScriptBuildPhase;
			buildActionMask = 2147483647;
			files = (
			);
			inputFileListPaths = (
			);
			inputPaths = (
				"${PODS_PODFILE_DIR_PATH}/Podfile.lock",
				"${PODS_ROOT}/Manifest.lock",
			);
			name = "[CP] Check Pods Manifest.lock";
			outputFileListPaths = (
			);
			outputPaths = (
				"$(DERIVED_FILE_DIR)/Pods-mstfTests-checkManifestLockResult.txt",
			);
			runOnlyForDeploymentPostprocessing = 0;
			shellPath = /bin/sh;
			shellScript = "diff \"${PODS_PODFILE_DIR_PATH}/Podfile.lock\" \"${PODS_ROOT}/Manifest.lock\" > /dev/null\nif [ $? != 0 ] ; then\n    # print error to STDERR\n    echo \"error: The sandbox is not in sync with the Podfile.lock. Run 'pod install' or update your CocoaPods installation.\" >&2\n    exit 1\nfi\n# This output is used by Xcode 'outputs' to avoid re-running this script phase.\necho \"SUCCESS\" > \"${SCRIPT_OUTPUT_FILE_0}\"\n";
			showEnvVarsInLog = 0;
		};
/* End PBXShellScriptBuildPhase section */

/* Begin PBXSourcesBuildPhase section */
		AE66A7B825B83C11002891F4 /* Sources */ = {
			isa = PBXSourcesBuildPhase;
			buildActionMask = 2147483647;
			files = (
				AE66A7C425B83C11002891F4 /* ViewController.swift in Sources */,
				AEA3D20325F8CE7200E00931 /* CurrentGame.swift in Sources */,
				AE66A7F325B84490002891F4 /* MatchParentController.swift in Sources */,
				AEA3D25025F8E9CC00E00931 /* CoinFlipping.swift in Sources */,
				AE92C41B26C3FAE20009E3E7 /* PointParent.swift in Sources */,
				AEA3D24E25F8E9CC00E00931 /* CoinFlippingResult.swift in Sources */,
				75882E6D25EFA3CC00BE4DAC /* MatchYamaguchiController.swift in Sources */,
				AEA3D20B25F8D23000E00931 /* Score.swift in Sources */,
				54DB7C8F25F8D817001330CE /* TieBreak.swift in Sources */,
				AEA3D24F25F8E9CC00E00931 /* CoinFlippingSelect.swift in Sources */,
				AEA3D25525F8E9E100E00931 /* MatchInterface.swift in Sources */,
				AE92C41D26C3FD230009E3E7 /* GameParent.swift in Sources */,
				753F2E04260B6A22004BF21C /* MatchPresenter.swift in Sources */,
				AE66A7C025B83C11002891F4 /* AppDelegate.swift in Sources */,
				7520138B25F8D5F60027B482 /* GamePoint.swift in Sources */,
				54C30B8025CABEA900F61D37 /* MatchKandaController.swift in Sources */,
				54DB7C8A25F8D715001330CE /* Game.swift in Sources */,
				54C30B7B25CABCE700F61D37 /* MatchTajiriController.swift in Sources */,
				7520139A25F8D9B30027B482 /* GamePointForTieBreak.swift in Sources */,
				AE510590265E8B2D00E1CDCE /* MatchScreenOperationsParentPresenter.swift in Sources */,
				AEEC03A626F231EE0033920E /* User.swift in Sources */,
				7520139225F8D6EE0027B482 /* Constant.swift in Sources */,
				AEA3D25A25F8E9F800E00931 /* Set.swift in Sources */,
				54E0D5F026398CD5005F647F /* ViewDetailController.swift in Sources */,
				AE5105922667619C00E1CDCE /* VerticalMatchScreenOperationsPresenter.swift in Sources */,
				AEA3D21025F8D23E00E00931 /* Team.swift in Sources */,
				54DB7C6D25E6608A001330CE /* SeguePresenter.swift in Sources */,
				AE66A7C225B83C11002891F4 /* SceneDelegate.swift in Sources */,
			);
			runOnlyForDeploymentPostprocessing = 0;
		};
		AE66A7CE25B83C12002891F4 /* Sources */ = {
			isa = PBXSourcesBuildPhase;
			buildActionMask = 2147483647;
			files = (
				AE66A7D725B83C12002891F4 /* mstfTests.swift in Sources */,
			);
			runOnlyForDeploymentPostprocessing = 0;
		};
		AE66A7D925B83C12002891F4 /* Sources */ = {
			isa = PBXSourcesBuildPhase;
			buildActionMask = 2147483647;
			files = (
				AE66A7E225B83C12002891F4 /* mstfUITests.swift in Sources */,
			);
			runOnlyForDeploymentPostprocessing = 0;
		};
/* End PBXSourcesBuildPhase section */

/* Begin PBXTargetDependency section */
		AE66A7D425B83C12002891F4 /* PBXTargetDependency */ = {
			isa = PBXTargetDependency;
			target = AE66A7BB25B83C11002891F4 /* mstf */;
			targetProxy = AE66A7D325B83C12002891F4 /* PBXContainerItemProxy */;
		};
		AE66A7DF25B83C12002891F4 /* PBXTargetDependency */ = {
			isa = PBXTargetDependency;
			target = AE66A7BB25B83C11002891F4 /* mstf */;
			targetProxy = AE66A7DE25B83C12002891F4 /* PBXContainerItemProxy */;
		};
/* End PBXTargetDependency section */

/* Begin PBXVariantGroup section */
		AE66A7C525B83C11002891F4 /* Main.storyboard */ = {
			isa = PBXVariantGroup;
			children = (
				AE66A7C625B83C11002891F4 /* Base */,
			);
			name = Main.storyboard;
			sourceTree = "<group>";
		};
		AE66A7CA25B83C12002891F4 /* LaunchScreen.storyboard */ = {
			isa = PBXVariantGroup;
			children = (
				AE66A7CB25B83C12002891F4 /* Base */,
			);
			name = LaunchScreen.storyboard;
			sourceTree = "<group>";
		};
/* End PBXVariantGroup section */

/* Begin XCBuildConfiguration section */
		AE66A7E425B83C12002891F4 /* Debug */ = {
			isa = XCBuildConfiguration;
			buildSettings = {
				ALWAYS_SEARCH_USER_PATHS = NO;
				CLANG_ANALYZER_NONNULL = YES;
				CLANG_ANALYZER_NUMBER_OBJECT_CONVERSION = YES_AGGRESSIVE;
				CLANG_CXX_LANGUAGE_STANDARD = "gnu++14";
				CLANG_CXX_LIBRARY = "libc++";
				CLANG_ENABLE_MODULES = YES;
				CLANG_ENABLE_OBJC_ARC = YES;
				CLANG_ENABLE_OBJC_WEAK = YES;
				CLANG_WARN_BLOCK_CAPTURE_AUTORELEASING = YES;
				CLANG_WARN_BOOL_CONVERSION = YES;
				CLANG_WARN_COMMA = YES;
				CLANG_WARN_CONSTANT_CONVERSION = YES;
				CLANG_WARN_DEPRECATED_OBJC_IMPLEMENTATIONS = YES;
				CLANG_WARN_DIRECT_OBJC_ISA_USAGE = YES_ERROR;
				CLANG_WARN_DOCUMENTATION_COMMENTS = YES;
				CLANG_WARN_EMPTY_BODY = YES;
				CLANG_WARN_ENUM_CONVERSION = YES;
				CLANG_WARN_INFINITE_RECURSION = YES;
				CLANG_WARN_INT_CONVERSION = YES;
				CLANG_WARN_NON_LITERAL_NULL_CONVERSION = YES;
				CLANG_WARN_OBJC_IMPLICIT_RETAIN_SELF = YES;
				CLANG_WARN_OBJC_LITERAL_CONVERSION = YES;
				CLANG_WARN_OBJC_ROOT_CLASS = YES_ERROR;
				CLANG_WARN_QUOTED_INCLUDE_IN_FRAMEWORK_HEADER = YES;
				CLANG_WARN_RANGE_LOOP_ANALYSIS = YES;
				CLANG_WARN_STRICT_PROTOTYPES = YES;
				CLANG_WARN_SUSPICIOUS_MOVE = YES;
				CLANG_WARN_UNGUARDED_AVAILABILITY = YES_AGGRESSIVE;
				CLANG_WARN_UNREACHABLE_CODE = YES;
				CLANG_WARN__DUPLICATE_METHOD_MATCH = YES;
				COPY_PHASE_STRIP = NO;
				DEBUG_INFORMATION_FORMAT = dwarf;
				DEVELOPMENT_TEAM = TGARAF5G5U;
				ENABLE_STRICT_OBJC_MSGSEND = YES;
				ENABLE_TESTABILITY = YES;
				EXCLUDED_ARCHS = "";
				GCC_C_LANGUAGE_STANDARD = gnu11;
				GCC_DYNAMIC_NO_PIC = NO;
				GCC_NO_COMMON_BLOCKS = YES;
				GCC_OPTIMIZATION_LEVEL = 0;
				GCC_PREPROCESSOR_DEFINITIONS = (
					"DEBUG=1",
					"$(inherited)",
				);
				GCC_WARN_64_TO_32_BIT_CONVERSION = YES;
				GCC_WARN_ABOUT_RETURN_TYPE = YES_ERROR;
				GCC_WARN_UNDECLARED_SELECTOR = YES;
				GCC_WARN_UNINITIALIZED_AUTOS = YES_AGGRESSIVE;
				GCC_WARN_UNUSED_FUNCTION = YES;
				GCC_WARN_UNUSED_VARIABLE = YES;
				IPHONEOS_DEPLOYMENT_TARGET = 14.3;
				MTL_ENABLE_DEBUG_INFO = INCLUDE_SOURCE;
				MTL_FAST_MATH = YES;
				ONLY_ACTIVE_ARCH = YES;
				SDKROOT = iphoneos;
				SWIFT_ACTIVE_COMPILATION_CONDITIONS = DEBUG;
				SWIFT_OPTIMIZATION_LEVEL = "-Onone";
				SWIFT_VERSION = 5.0;
			};
			name = Debug;
		};
		AE66A7E525B83C12002891F4 /* Release */ = {
			isa = XCBuildConfiguration;
			buildSettings = {
				ALWAYS_SEARCH_USER_PATHS = NO;
				CLANG_ANALYZER_NONNULL = YES;
				CLANG_ANALYZER_NUMBER_OBJECT_CONVERSION = YES_AGGRESSIVE;
				CLANG_CXX_LANGUAGE_STANDARD = "gnu++14";
				CLANG_CXX_LIBRARY = "libc++";
				CLANG_ENABLE_MODULES = YES;
				CLANG_ENABLE_OBJC_ARC = YES;
				CLANG_ENABLE_OBJC_WEAK = YES;
				CLANG_WARN_BLOCK_CAPTURE_AUTORELEASING = YES;
				CLANG_WARN_BOOL_CONVERSION = YES;
				CLANG_WARN_COMMA = YES;
				CLANG_WARN_CONSTANT_CONVERSION = YES;
				CLANG_WARN_DEPRECATED_OBJC_IMPLEMENTATIONS = YES;
				CLANG_WARN_DIRECT_OBJC_ISA_USAGE = YES_ERROR;
				CLANG_WARN_DOCUMENTATION_COMMENTS = YES;
				CLANG_WARN_EMPTY_BODY = YES;
				CLANG_WARN_ENUM_CONVERSION = YES;
				CLANG_WARN_INFINITE_RECURSION = YES;
				CLANG_WARN_INT_CONVERSION = YES;
				CLANG_WARN_NON_LITERAL_NULL_CONVERSION = YES;
				CLANG_WARN_OBJC_IMPLICIT_RETAIN_SELF = YES;
				CLANG_WARN_OBJC_LITERAL_CONVERSION = YES;
				CLANG_WARN_OBJC_ROOT_CLASS = YES_ERROR;
				CLANG_WARN_QUOTED_INCLUDE_IN_FRAMEWORK_HEADER = YES;
				CLANG_WARN_RANGE_LOOP_ANALYSIS = YES;
				CLANG_WARN_STRICT_PROTOTYPES = YES;
				CLANG_WARN_SUSPICIOUS_MOVE = YES;
				CLANG_WARN_UNGUARDED_AVAILABILITY = YES_AGGRESSIVE;
				CLANG_WARN_UNREACHABLE_CODE = YES;
				CLANG_WARN__DUPLICATE_METHOD_MATCH = YES;
				COPY_PHASE_STRIP = NO;
				DEBUG_INFORMATION_FORMAT = "dwarf-with-dsym";
				DEVELOPMENT_TEAM = TGARAF5G5U;
				ENABLE_NS_ASSERTIONS = NO;
				ENABLE_STRICT_OBJC_MSGSEND = YES;
				EXCLUDED_ARCHS = "";
				GCC_C_LANGUAGE_STANDARD = gnu11;
				GCC_NO_COMMON_BLOCKS = YES;
				GCC_WARN_64_TO_32_BIT_CONVERSION = YES;
				GCC_WARN_ABOUT_RETURN_TYPE = YES_ERROR;
				GCC_WARN_UNDECLARED_SELECTOR = YES;
				GCC_WARN_UNINITIALIZED_AUTOS = YES_AGGRESSIVE;
				GCC_WARN_UNUSED_FUNCTION = YES;
				GCC_WARN_UNUSED_VARIABLE = YES;
				IPHONEOS_DEPLOYMENT_TARGET = 14.3;
				MTL_ENABLE_DEBUG_INFO = NO;
				MTL_FAST_MATH = YES;
				SDKROOT = iphoneos;
				SWIFT_COMPILATION_MODE = wholemodule;
				SWIFT_OPTIMIZATION_LEVEL = "-O";
				SWIFT_VERSION = 5.0;
				VALIDATE_PRODUCT = YES;
			};
			name = Release;
		};
		AE66A7E725B83C12002891F4 /* Debug */ = {
			isa = XCBuildConfiguration;
			baseConfigurationReference = DCE65A1CED4E1ECF217B67C1 /* Pods-mstf.debug.xcconfig */;
			buildSettings = {
				ASSETCATALOG_COMPILER_APPICON_NAME = AppIcon;
				ASSETCATALOG_COMPILER_GLOBAL_ACCENT_COLOR_NAME = AccentColor;
				CODE_SIGN_STYLE = Automatic;
				DEBUG_INFORMATION_FORMAT = "dwarf-with-dsym";
				EXCLUDED_ARCHS = "";
				"EXCLUDED_ARCHS[sdk=iphonesimulator*]" = arm64;
				INFOPLIST_FILE = mstf/Info.plist;
				LD_RUNPATH_SEARCH_PATHS = (
					"$(inherited)",
					"@executable_path/Frameworks",
				);
				PRODUCT_BUNDLE_IDENTIFIER = jp.app.mstf;
				PRODUCT_NAME = "$(TARGET_NAME)";
				SWIFT_VERSION = 5.0;
				TARGETED_DEVICE_FAMILY = "1,2";
			};
			name = Debug;
		};
		AE66A7E825B83C12002891F4 /* Release */ = {
			isa = XCBuildConfiguration;
			baseConfigurationReference = FC455A566CC349349B270BC5 /* Pods-mstf.release.xcconfig */;
			buildSettings = {
				ASSETCATALOG_COMPILER_APPICON_NAME = AppIcon;
				ASSETCATALOG_COMPILER_GLOBAL_ACCENT_COLOR_NAME = AccentColor;
				CODE_SIGN_STYLE = Automatic;
				EXCLUDED_ARCHS = "";
				"EXCLUDED_ARCHS[sdk=iphonesimulator*]" = arm64;
				INFOPLIST_FILE = mstf/Info.plist;
				LD_RUNPATH_SEARCH_PATHS = (
					"$(inherited)",
					"@executable_path/Frameworks",
				);
				PRODUCT_BUNDLE_IDENTIFIER = jp.app.mstf;
				PRODUCT_NAME = "$(TARGET_NAME)";
				SWIFT_VERSION = 5.0;
				TARGETED_DEVICE_FAMILY = "1,2";
			};
			name = Release;
		};
		AE66A7EA25B83C12002891F4 /* Debug */ = {
			isa = XCBuildConfiguration;
			baseConfigurationReference = 2AD7B3EF11699A1D2C73E1FF /* Pods-mstfTests.debug.xcconfig */;
			buildSettings = {
				ALWAYS_EMBED_SWIFT_STANDARD_LIBRARIES = YES;
				BUNDLE_LOADER = "$(TEST_HOST)";
				CODE_SIGN_STYLE = Automatic;
				INFOPLIST_FILE = mstfTests/Info.plist;
				IPHONEOS_DEPLOYMENT_TARGET = 14.3;
				LD_RUNPATH_SEARCH_PATHS = (
					"$(inherited)",
					"@executable_path/Frameworks",
					"@loader_path/Frameworks",
				);
				PRODUCT_BUNDLE_IDENTIFIER = jp.app.mstfTests;
				PRODUCT_NAME = "$(TARGET_NAME)";
				SWIFT_VERSION = 5.0;
				TARGETED_DEVICE_FAMILY = "1,2";
				TEST_HOST = "$(BUILT_PRODUCTS_DIR)/mstf.app/mstf";
			};
			name = Debug;
		};
		AE66A7EB25B83C12002891F4 /* Release */ = {
			isa = XCBuildConfiguration;
			baseConfigurationReference = A5109AE4AAE1733B5C5E6473 /* Pods-mstfTests.release.xcconfig */;
			buildSettings = {
				ALWAYS_EMBED_SWIFT_STANDARD_LIBRARIES = YES;
				BUNDLE_LOADER = "$(TEST_HOST)";
				CODE_SIGN_STYLE = Automatic;
				INFOPLIST_FILE = mstfTests/Info.plist;
				IPHONEOS_DEPLOYMENT_TARGET = 14.3;
				LD_RUNPATH_SEARCH_PATHS = (
					"$(inherited)",
					"@executable_path/Frameworks",
					"@loader_path/Frameworks",
				);
				PRODUCT_BUNDLE_IDENTIFIER = jp.app.mstfTests;
				PRODUCT_NAME = "$(TARGET_NAME)";
				SWIFT_VERSION = 5.0;
				TARGETED_DEVICE_FAMILY = "1,2";
				TEST_HOST = "$(BUILT_PRODUCTS_DIR)/mstf.app/mstf";
			};
			name = Release;
		};
		AE66A7ED25B83C12002891F4 /* Debug */ = {
			isa = XCBuildConfiguration;
			baseConfigurationReference = 347A29B5AE1D361CC7F21D58 /* Pods-mstf-mstfUITests.debug.xcconfig */;
			buildSettings = {
				ALWAYS_EMBED_SWIFT_STANDARD_LIBRARIES = YES;
				CODE_SIGN_STYLE = Automatic;
				INFOPLIST_FILE = mstfUITests/Info.plist;
				LD_RUNPATH_SEARCH_PATHS = (
					"$(inherited)",
					"@executable_path/Frameworks",
					"@loader_path/Frameworks",
				);
				PRODUCT_BUNDLE_IDENTIFIER = jp.app.mstfUITests;
				PRODUCT_NAME = "$(TARGET_NAME)";
				SWIFT_VERSION = 5.0;
				TARGETED_DEVICE_FAMILY = "1,2";
				TEST_TARGET_NAME = mstf;
			};
			name = Debug;
		};
		AE66A7EE25B83C12002891F4 /* Release */ = {
			isa = XCBuildConfiguration;
			baseConfigurationReference = C9FDE8F2E65BB6785710152C /* Pods-mstf-mstfUITests.release.xcconfig */;
			buildSettings = {
				ALWAYS_EMBED_SWIFT_STANDARD_LIBRARIES = YES;
				CODE_SIGN_STYLE = Automatic;
				INFOPLIST_FILE = mstfUITests/Info.plist;
				LD_RUNPATH_SEARCH_PATHS = (
					"$(inherited)",
					"@executable_path/Frameworks",
					"@loader_path/Frameworks",
				);
				PRODUCT_BUNDLE_IDENTIFIER = jp.app.mstfUITests;
				PRODUCT_NAME = "$(TARGET_NAME)";
				SWIFT_VERSION = 5.0;
				TARGETED_DEVICE_FAMILY = "1,2";
				TEST_TARGET_NAME = mstf;
			};
			name = Release;
		};
/* End XCBuildConfiguration section */

/* Begin XCConfigurationList section */
		AE66A7B725B83C11002891F4 /* Build configuration list for PBXProject "mstf" */ = {
			isa = XCConfigurationList;
			buildConfigurations = (
				AE66A7E425B83C12002891F4 /* Debug */,
				AE66A7E525B83C12002891F4 /* Release */,
			);
			defaultConfigurationIsVisible = 0;
			defaultConfigurationName = Release;
		};
		AE66A7E625B83C12002891F4 /* Build configuration list for PBXNativeTarget "mstf" */ = {
			isa = XCConfigurationList;
			buildConfigurations = (
				AE66A7E725B83C12002891F4 /* Debug */,
				AE66A7E825B83C12002891F4 /* Release */,
			);
			defaultConfigurationIsVisible = 0;
			defaultConfigurationName = Release;
		};
		AE66A7E925B83C12002891F4 /* Build configuration list for PBXNativeTarget "mstfTests" */ = {
			isa = XCConfigurationList;
			buildConfigurations = (
				AE66A7EA25B83C12002891F4 /* Debug */,
				AE66A7EB25B83C12002891F4 /* Release */,
			);
			defaultConfigurationIsVisible = 0;
			defaultConfigurationName = Release;
		};
		AE66A7EC25B83C12002891F4 /* Build configuration list for PBXNativeTarget "mstfUITests" */ = {
			isa = XCConfigurationList;
			buildConfigurations = (
				AE66A7ED25B83C12002891F4 /* Debug */,
				AE66A7EE25B83C12002891F4 /* Release */,
			);
			defaultConfigurationIsVisible = 0;
			defaultConfigurationName = Release;
		};
/* End XCConfigurationList section */
	};
	rootObject = AE66A7B425B83C11002891F4 /* Project object */;
}
